<?xml version="1.0" encoding="utf-8"?>
<Project ToolsVersion="4.0" xmlns="http://schemas.microsoft.com/developer/msbuild/2003">
  <ItemGroup>
    <Filter Include="Source">
      <UniqueIdentifier>{384ecd97-e794-4a68-b10a-47aaf469c694}</UniqueIdentifier>
    </Filter>
    <Filter Include="Headers">
      <UniqueIdentifier>{f0aa0131-fdf4-4687-9201-9a989289e901}</UniqueIdentifier>
    </Filter>
  </ItemGroup>
  <ItemGroup>
    <ClInclude Include="Getopt.h">
      <Filter>Headers</Filter>
    </ClInclude>
    <ClInclude Include="ConstructorRenderer.h">
      <Filter>Headers</Filter>
    </ClInclude>
    <ClInclude Include="Stdafx.h">
      <Filter>Headers</Filter>
    </ClInclude>
    <ClInclude Include="Exception.h">
      <Filter>Headers</Filter>
    </ClInclude>
    <ClInclude Include="Settings.h">
      <Filter>Headers</Filter>
    </ClInclude>
    <ClInclude Include="Camera.h">
      <Filter>Headers</Filter>
    </ClInclude>
    <ClInclude Include="OctreeRenderer.h">
      <Filter>Headers</Filter>
    </ClInclude>
    <ClInclude Include="VertexBufferObject.h">
      <Filter>Headers</Filter>
    </ClInclude>
  </ItemGroup>
  <ItemGroup>
    <ClCompile Include="ConstructorRenderer.cpp">
      <Filter>Source</Filter>
    </ClCompile>
    <ClCompile Include="Stdafx.cpp">
      <Filter>Source</Filter>
    </ClCompile>
    <ClCompile Include="Camera.cpp">
      <Filter>Source</Filter>
    </ClCompile>
    <ClCompile Include="OctreeRenderer.cpp">
      <Filter>Source</Filter>
    </ClCompile>
    <ClCompile Include="VertexBufferObject.cpp">
      <Filter>Source</Filter>
    </ClCompile>
  </ItemGroup>
</Project>